// !$*UTF8*$!
{
	archiveVersion = 1;
	classes = {
	};
	objectVersion = 50;
	objects = {

/* Begin PBXFileReference section */
		FAB7690C2443EEB60011E748 /* AT91SAM7S256.h */ = {isa = PBXFileReference; fileEncoding = 4; lastKnownFileType = sourcecode.c.h; path = AT91SAM7S256.h; sourceTree = "<group>"; };
		FAB7690D2443EEB60011E748 /* demo_at91sam7_h256_blink_flash.cmd */ = {isa = PBXFileReference; fileEncoding = 4; lastKnownFileType = text; path = demo_at91sam7_h256_blink_flash.cmd; sourceTree = "<group>"; };
		FAB7690E2443EEB60011E748 /* sam7flash.script */ = {isa = PBXFileReference; fileEncoding = 4; lastKnownFileType = text; path = sam7flash.script; sourceTree = "<group>"; };
		FAB7690F2443EEB60011E748 /* crt.s */ = {isa = PBXFileReference; fileEncoding = 4; lastKnownFileType = sourcecode.asm; path = crt.s; sourceTree = "<group>"; };
		FAB769102443EEB60011E748 /* olimex-jtag-tiny.cfg */ = {isa = PBXFileReference; fileEncoding = 4; lastKnownFileType = text; path = "olimex-jtag-tiny.cfg"; sourceTree = "<group>"; };
		FAB769112443EEB60011E748 /* Board.h */ = {isa = PBXFileReference; fileEncoding = 4; lastKnownFileType = sourcecode.c.h; path = Board.h; sourceTree = "<group>"; };
		FAB769122443EEB60011E748 /* blinker.c */ = {isa = PBXFileReference; fileEncoding = 4; lastKnownFileType = sourcecode.c.c; path = blinker.c; sourceTree = "<group>"; };
		FAB769132443EEB60011E748 /* lowlevelinit.c */ = {isa = PBXFileReference; fileEncoding = 4; lastKnownFileType = sourcecode.c.c; path = lowlevelinit.c; sourceTree = "<group>"; };
		FAB769142443EEB60011E748 /* at91sam7sx.cfg */ = {isa = PBXFileReference; fileEncoding = 4; lastKnownFileType = text; path = at91sam7sx.cfg; sourceTree = "<group>"; };
		FAB769152443EEB60011E748 /* isrsupport.c */ = {isa = PBXFileReference; fileEncoding = 4; lastKnownFileType = sourcecode.c.c; path = isrsupport.c; sourceTree = "<group>"; };
		FAB769162443EEB60011E748 /* timerisr.c */ = {isa = PBXFileReference; fileEncoding = 4; lastKnownFileType = sourcecode.c.c; path = timerisr.c; sourceTree = "<group>"; };
		FAB769172443EEB60011E748 /* makefile */ = {isa = PBXFileReference; fileEncoding = 4; lastKnownFileType = sourcecode.make; path = makefile; sourceTree = "<group>"; };
		FAB769182443EEB60011E748 /* main.bin.bunk */ = {isa = PBXFileReference; lastKnownFileType = file; path = main.bin.bunk; sourceTree = "<group>"; };
		FAB769192443EEB60011E748 /* timersetup.c */ = {isa = PBXFileReference; fileEncoding = 4; lastKnownFileType = sourcecode.c.c; path = timersetup.c; sourceTree = "<group>"; };
		FAB7691A2443EEB60011E748 /* libgcc.a */ = {isa = PBXFileReference; lastKnownFileType = archive.ar; path = libgcc.a; sourceTree = "<group>"; };
		FAB7691C2443EEB60011E748 /* main.c */ = {isa = PBXFileReference; fileEncoding = 4; lastKnownFileType = sourcecode.c.c; path = main.c; sourceTree = "<group>"; };
/* End PBXFileReference section */

/* Begin PBXGroup section */
		FAB769012443EE890011E748 = {
			isa = PBXGroup;
			children = (
				FAB7690C2443EEB60011E748 /* AT91SAM7S256.h */,
				FAB769142443EEB60011E748 /* at91sam7sx.cfg */,
				FAB769122443EEB60011E748 /* blinker.c */,
				FAB769112443EEB60011E748 /* Board.h */,
				FAB7690F2443EEB60011E748 /* crt.s */,
				FAB7690D2443EEB60011E748 /* demo_at91sam7_h256_blink_flash.cmd */,
				FAB769152443EEB60011E748 /* isrsupport.c */,
				FAB7691A2443EEB60011E748 /* libgcc.a */,
				FAB769132443EEB60011E748 /* lowlevelinit.c */,
				FAB769182443EEB60011E748 /* main.bin.bunk */,
				FAB7691C2443EEB60011E748 /* main.c */,
				FAB769172443EEB60011E748 /* makefile */,
				FAB769102443EEB60011E748 /* olimex-jtag-tiny.cfg */,
				FAB7690E2443EEB60011E748 /* sam7flash.script */,
				FAB769162443EEB60011E748 /* timerisr.c */,
				FAB769192443EEB60011E748 /* timersetup.c */,
			);
			sourceTree = "<group>";
		};
/* End PBXGroup section */

/* Begin PBXLegacyTarget section */
		FAB769062443EE890011E748 /* blink */ = {
			isa = PBXLegacyTarget;
			buildArgumentsString = "$(ACTION)";
			buildConfigurationList = FAB769092443EE890011E748 /* Build configuration list for PBXLegacyTarget "blink" */;
			buildPhases = (
			);
			buildToolPath = /usr/bin/make;
			buildWorkingDirectory = "/Users/alex/folabs/mutable-dev-environment/eurorack-modules/AT91SAM7 blink";
			dependencies = (
			);
			name = blink;
			passBuildSettingsInEnvironment = 1;
			productName = blink;
		};
/* End PBXLegacyTarget section */

/* Begin PBXProject section */
		FAB769022443EE890011E748 /* Project object */ = {
			isa = PBXProject;
			attributes = {
				LastUpgradeCheck = 1140;
				ORGANIZATIONNAME = "Alex Lelievre";
				TargetAttributes = {
					FAB769062443EE890011E748 = {
						CreatedOnToolsVersion = 11.4;
					};
				};
			};
			buildConfigurationList = FAB769052443EE890011E748 /* Build configuration list for PBXProject "blink" */;
			compatibilityVersion = "Xcode 9.3";
			developmentRegion = en;
			hasScannedForEncodings = 0;
			knownRegions = (
				en,
				Base,
			);
			mainGroup = FAB769012443EE890011E748;
			projectDirPath = "";
			projectRoot = "";
			targets = (
				FAB769062443EE890011E748 /* blink */,
			);
		};
/* End PBXProject section */

/* Begin XCBuildConfiguration section */
		FAB769072443EE890011E748 /* Debug */ = {
			isa = XCBuildConfiguration;
			buildSettings = {
				ALWAYS_SEARCH_USER_PATHS = NO;
				CLANG_ANALYZER_NONNULL = YES;
				CLANG_ANALYZER_NUMBER_OBJECT_CONVERSION = YES_AGGRESSIVE;
				CLANG_CXX_LANGUAGE_STANDARD = "gnu++14";
				CLANG_CXX_LIBRARY = "libc++";
				CLANG_ENABLE_MODULES = YES;
				CLANG_ENABLE_OBJC_ARC = YES;
				CLANG_ENABLE_OBJC_WEAK = YES;
				CLANG_WARN_BLOCK_CAPTURE_AUTORELEASING = YES;
				CLANG_WARN_BOOL_CONVERSION = YES;
				CLANG_WARN_COMMA = YES;
				CLANG_WARN_CONSTANT_CONVERSION = YES;
				CLANG_WARN_DEPRECATED_OBJC_IMPLEMENTATIONS = YES;
				CLANG_WARN_DIRECT_OBJC_ISA_USAGE = YES_ERROR;
				CLANG_WARN_DOCUMENTATION_COMMENTS = YES;
				CLANG_WARN_EMPTY_BODY = YES;
				CLANG_WARN_ENUM_CONVERSION = YES;
				CLANG_WARN_INFINITE_RECURSION = YES;
				CLANG_WARN_INT_CONVERSION = YES;
				CLANG_WARN_NON_LITERAL_NULL_CONVERSION = YES;
				CLANG_WARN_OBJC_IMPLICIT_RETAIN_SELF = YES;
				CLANG_WARN_OBJC_LITERAL_CONVERSION = YES;
				CLANG_WARN_OBJC_ROOT_CLASS = YES_ERROR;
				CLANG_WARN_RANGE_LOOP_ANALYSIS = YES;
				CLANG_WARN_STRICT_PROTOTYPES = YES;
				CLANG_WARN_SUSPICIOUS_MOVE = YES;
				CLANG_WARN_UNGUARDED_AVAILABILITY = YES_AGGRESSIVE;
				CLANG_WARN_UNREACHABLE_CODE = YES;
				CLANG_WARN__DUPLICATE_METHOD_MATCH = YES;
				COPY_PHASE_STRIP = NO;
				DEBUG_INFORMATION_FORMAT = dwarf;
				ENABLE_STRICT_OBJC_MSGSEND = YES;
				ENABLE_TESTABILITY = YES;
				GCC_C_LANGUAGE_STANDARD = gnu11;
				GCC_DYNAMIC_NO_PIC = NO;
				GCC_NO_COMMON_BLOCKS = YES;
				GCC_OPTIMIZATION_LEVEL = 0;
				GCC_PREPROCESSOR_DEFINITIONS = (
					"DEBUG=1",
					"$(inherited)",
				);
				GCC_WARN_64_TO_32_BIT_CONVERSION = YES;
				GCC_WARN_ABOUT_RETURN_TYPE = YES_ERROR;
				GCC_WARN_UNDECLARED_SELECTOR = YES;
				GCC_WARN_UNINITIALIZED_AUTOS = YES_AGGRESSIVE;
				GCC_WARN_UNUSED_FUNCTION = YES;
				GCC_WARN_UNUSED_VARIABLE = YES;
				MTL_ENABLE_DEBUG_INFO = INCLUDE_SOURCE;
				MTL_FAST_MATH = YES;
				ONLY_ACTIVE_ARCH = YES;
			};
			name = Debug;
		};
		FAB769082443EE890011E748 /* Release */ = {
			isa = XCBuildConfiguration;
			buildSettings = {
				ALWAYS_SEARCH_USER_PATHS = NO;
				CLANG_ANALYZER_NONNULL = YES;
				CLANG_ANALYZER_NUMBER_OBJECT_CONVERSION = YES_AGGRESSIVE;
				CLANG_CXX_LANGUAGE_STANDARD = "gnu++14";
				CLANG_CXX_LIBRARY = "libc++";
				CLANG_ENABLE_MODULES = YES;
				CLANG_ENABLE_OBJC_ARC = YES;
				CLANG_ENABLE_OBJC_WEAK = YES;
				CLANG_WARN_BLOCK_CAPTURE_AUTORELEASING = YES;
				CLANG_WARN_BOOL_CONVERSION = YES;
				CLANG_WARN_COMMA = YES;
				CLANG_WARN_CONSTANT_CONVERSION = YES;
				CLANG_WARN_DEPRECATED_OBJC_IMPLEMENTATIONS = YES;
				CLANG_WARN_DIRECT_OBJC_ISA_USAGE = YES_ERROR;
				CLANG_WARN_DOCUMENTATION_COMMENTS = YES;
				CLANG_WARN_EMPTY_BODY = YES;
				CLANG_WARN_ENUM_CONVERSION = YES;
				CLANG_WARN_INFINITE_RECURSION = YES;
				CLANG_WARN_INT_CONVERSION = YES;
				CLANG_WARN_NON_LITERAL_NULL_CONVERSION = YES;
				CLANG_WARN_OBJC_IMPLICIT_RETAIN_SELF = YES;
				CLANG_WARN_OBJC_LITERAL_CONVERSION = YES;
				CLANG_WARN_OBJC_ROOT_CLASS = YES_ERROR;
				CLANG_WARN_RANGE_LOOP_ANALYSIS = YES;
				CLANG_WARN_STRICT_PROTOTYPES = YES;
				CLANG_WARN_SUSPICIOUS_MOVE = YES;
				CLANG_WARN_UNGUARDED_AVAILABILITY = YES_AGGRESSIVE;
				CLANG_WARN_UNREACHABLE_CODE = YES;
				CLANG_WARN__DUPLICATE_METHOD_MATCH = YES;
				COPY_PHASE_STRIP = NO;
				DEBUG_INFORMATION_FORMAT = "dwarf-with-dsym";
				ENABLE_NS_ASSERTIONS = NO;
				ENABLE_STRICT_OBJC_MSGSEND = YES;
				GCC_C_LANGUAGE_STANDARD = gnu11;
				GCC_NO_COMMON_BLOCKS = YES;
				GCC_WARN_64_TO_32_BIT_CONVERSION = YES;
				GCC_WARN_ABOUT_RETURN_TYPE = YES_ERROR;
				GCC_WARN_UNDECLARED_SELECTOR = YES;
				GCC_WARN_UNINITIALIZED_AUTOS = YES_AGGRESSIVE;
				GCC_WARN_UNUSED_FUNCTION = YES;
				GCC_WARN_UNUSED_VARIABLE = YES;
				MTL_ENABLE_DEBUG_INFO = NO;
				MTL_FAST_MATH = YES;
			};
			name = Release;
		};
		FAB7690A2443EE890011E748 /* Debug */ = {
			isa = XCBuildConfiguration;
			buildSettings = {
				CODE_SIGN_STYLE = Automatic;
				DEBUGGING_SYMBOLS = YES;
				DEBUG_INFORMATION_FORMAT = dwarf;
				DEVELOPMENT_TEAM = S555K9VRCW;
				GCC_GENERATE_DEBUGGING_SYMBOLS = YES;
				GCC_OPTIMIZATION_LEVEL = 0;
				OTHER_CFLAGS = "";
				OTHER_LDFLAGS = "";
				PRODUCT_NAME = "$(TARGET_NAME)";
			};
			name = Debug;
		};
		FAB7690B2443EE890011E748 /* Release */ = {
			isa = XCBuildConfiguration;
			buildSettings = {
				CODE_SIGN_STYLE = Automatic;
				DEBUG_INFORMATION_FORMAT = "dwarf-with-dsym";
				DEVELOPMENT_TEAM = S555K9VRCW;
				OTHER_CFLAGS = "";
				OTHER_LDFLAGS = "";
				PRODUCT_NAME = "$(TARGET_NAME)";
			};
			name = Release;
		};
/* End XCBuildConfiguration section */

/* Begin XCConfigurationList section */
		FAB769052443EE890011E748 /* Build configuration list for PBXProject "blink" */ = {
			isa = XCConfigurationList;
			buildConfigurations = (
				FAB769072443EE890011E748 /* Debug */,
				FAB769082443EE890011E748 /* Release */,
			);
			defaultConfigurationIsVisible = 0;
			defaultConfigurationName = Release;
		};
		FAB769092443EE890011E748 /* Build configuration list for PBXLegacyTarget "blink" */ = {
			isa = XCConfigurationList;
			buildConfigurations = (
				FAB7690A2443EE890011E748 /* Debug */,
				FAB7690B2443EE890011E748 /* Release */,
			);
			defaultConfigurationIsVisible = 0;
			defaultConfigurationName = Release;
		};
/* End XCConfigurationList section */
	};
	rootObject = FAB769022443EE890011E748 /* Project object */;
}
